
Microsoft Visual Studio Solution File, Format Version 12.00
# Visual Studio 2013
VisualStudioVersion = 12.0.31101.0
MinimumVisualStudioVersion = 10.0.40219.1
Project("{FAE04EC0-301F-11D3-BF4B-00C04F79EFBC}") = "CallTracker", "CallTracker\CallTracker.csproj", "{2414BA31-35FA-4FF8-A152-F28477E1EFEC}"
EndProject
Global
	GlobalSection(SolutionConfigurationPlatforms) = preSolution
		Debug|Any CPU = Debug|Any CPU
		Release|Any CPU = Release|Any CPU
	EndGlobalSection
	GlobalSection(ProjectConfigurationPlatforms) = postSolution
		{2414BA31-35FA-4FF8-A152-F28477E1EFEC}.Debug|Any CPU.ActiveCfg = Debug|Any CPU
		{2414BA31-35FA-4FF8-A152-F28477E1EFEC}.Debug|Any CPU.Build.0 = Debug|Any CPU
		{2414BA31-35FA-4FF8-A152-F28477E1EFEC}.Release|Any CPU.ActiveCfg = Release|Any CPU
		{2414BA31-35FA-4FF8-A152-F28477E1EFEC}.Release|Any CPU.Build.0 = Release|Any CPU
	EndGlobalSection
	GlobalSection(SolutionProperties) = preSolution
		HideSolutionNode = FALSE
	EndGlobalSection
EndGlobal
